
Microsoft Visual Studio Solution File, Format Version 12.00
# Visual Studio Version 17
VisualStudioVersion = 17.9.34728.123
MinimumVisualStudioVersion = 10.0.40219.1
Project("{2150E333-8FDC-42A3-9474-1A3956D46DE8}") = "Services", "Services", "{6F53FEF2-13B3-40EC-9DF4-E0D2AE443136}"
EndProject
Project("{2150E333-8FDC-42A3-9474-1A3956D46DE8}") = "Catalog", "Catalog", "{F3DE097B-CF79-4336-8C81-205EB8C8758A}"
EndProject
Project("{9A19103F-16F7-4668-BE54-9A1E7A4F7556}") = "Catalog.API", "Services\Catalog\Catalog.API\Catalog.API.csproj", "{01B9D121-2BC5-410E-BFF8-FE6EC47C8947}"
EndProject
Project("{2150E333-8FDC-42A3-9474-1A3956D46DE8}") = "BuildingBlocks", "BuildingBlocks", "{60A675DC-8201-4FAC-8BEB-57D0151BDA94}"
EndProject
Project("{9A19103F-16F7-4668-BE54-9A1E7A4F7556}") = "BuildingBlocks", "BuildingBlocks\BuildingBlocks\BuildingBlocks.csproj", "{E2C79AD8-4874-439A-9F76-4AB792A31933}"
EndProject
Project("{E53339B2-1760-4266-BCC7-CA923CBCF16C}") = "docker-compose", "docker-compose.dcproj", "{AF2B732F-3A1C-4352-B831-BF586716FD5D}"
EndProject
Project("{2150E333-8FDC-42A3-9474-1A3956D46DE8}") = "Basket", "Basket", "{911DD0E0-4FFE-4ECC-8875-E9A1FDF5254A}"
EndProject
Project("{9A19103F-16F7-4668-BE54-9A1E7A4F7556}") = "Basket.API", "Services\Basket\Basket.API\Basket.API.csproj", "{6E84DAFF-48C6-4447-A6AB-D1236C4A470D}"
EndProject
Project("{2150E333-8FDC-42A3-9474-1A3956D46DE8}") = "Discount", "Discount", "{D5BAEB25-F4DD-44EE-B0E1-F83CD600EA03}"
EndProject
Project("{9A19103F-16F7-4668-BE54-9A1E7A4F7556}") = "Discount.Grpc", "Services\Discount\Discount.Grpc\Discount.Grpc.csproj", "{8F91D648-B700-4B05-80C1-E8E322F29D82}"
EndProject
Project("{2150E333-8FDC-42A3-9474-1A3956D46DE8}") = "Ordering", "Ordering", "{E5BB184E-24A9-4BD2-8A5F-3B3AD2239CC1}"
EndProject
Project("{FAE04EC0-301F-11D3-BF4B-00C04F79EFBC}") = "Ordering.API", "Services\Ordering\Ordering.API\Ordering.API.csproj", "{10B721BA-5E98-48C0-A075-7FE734CED4B1}"
EndProject
Project("{FAE04EC0-301F-11D3-BF4B-00C04F79EFBC}") = "Ordering.Domain", "Services\Ordering\Ordering.Domain\Ordering.Domain.csproj", "{2D403561-57CC-4D82-B4C4-8248B233AF36}"
EndProject
Project("{FAE04EC0-301F-11D3-BF4B-00C04F79EFBC}") = "Ordering.Infrastructure", "Services\Ordering\Ordering.Infrastructure\Ordering.Infrastructure.csproj", "{9A93D33A-417E-4E84-8C0E-EC63A5731CE6}"
EndProject
Project("{FAE04EC0-301F-11D3-BF4B-00C04F79EFBC}") = "Ordering.Application", "Services\Ordering\Ordering.Application\Ordering.Application.csproj", "{FCD447FB-CB26-4A0A-9B0E-BB00E5199C43}"
EndProject
Global
	GlobalSection(SolutionConfigurationPlatforms) = preSolution
		Debug|Any CPU = Debug|Any CPU
		Release|Any CPU = Release|Any CPU
	EndGlobalSection
	GlobalSection(ProjectConfigurationPlatforms) = postSolution
		{01B9D121-2BC5-410E-BFF8-FE6EC47C8947}.Debug|Any CPU.ActiveCfg = Debug|Any CPU
		{01B9D121-2BC5-410E-BFF8-FE6EC47C8947}.Debug|Any CPU.Build.0 = Debug|Any CPU
		{01B9D121-2BC5-410E-BFF8-FE6EC47C8947}.Release|Any CPU.ActiveCfg = Release|Any CPU
		{01B9D121-2BC5-410E-BFF8-FE6EC47C8947}.Release|Any CPU.Build.0 = Release|Any CPU
		{E2C79AD8-4874-439A-9F76-4AB792A31933}.Debug|Any CPU.ActiveCfg = Debug|Any CPU
		{E2C79AD8-4874-439A-9F76-4AB792A31933}.Debug|Any CPU.Build.0 = Debug|Any CPU
		{E2C79AD8-4874-439A-9F76-4AB792A31933}.Release|Any CPU.ActiveCfg = Release|Any CPU
		{E2C79AD8-4874-439A-9F76-4AB792A31933}.Release|Any CPU.Build.0 = Release|Any CPU
		{AF2B732F-3A1C-4352-B831-BF586716FD5D}.Debug|Any CPU.ActiveCfg = Debug|Any CPU
		{AF2B732F-3A1C-4352-B831-BF586716FD5D}.Debug|Any CPU.Build.0 = Debug|Any CPU
		{AF2B732F-3A1C-4352-B831-BF586716FD5D}.Release|Any CPU.ActiveCfg = Release|Any CPU
		{AF2B732F-3A1C-4352-B831-BF586716FD5D}.Release|Any CPU.Build.0 = Release|Any CPU
		{6E84DAFF-48C6-4447-A6AB-D1236C4A470D}.Debug|Any CPU.ActiveCfg = Debug|Any CPU
		{6E84DAFF-48C6-4447-A6AB-D1236C4A470D}.Debug|Any CPU.Build.0 = Debug|Any CPU
		{6E84DAFF-48C6-4447-A6AB-D1236C4A470D}.Release|Any CPU.ActiveCfg = Release|Any CPU
		{6E84DAFF-48C6-4447-A6AB-D1236C4A470D}.Release|Any CPU.Build.0 = Release|Any CPU
		{8F91D648-B700-4B05-80C1-E8E322F29D82}.Debug|Any CPU.ActiveCfg = Debug|Any CPU
		{8F91D648-B700-4B05-80C1-E8E322F29D82}.Debug|Any CPU.Build.0 = Debug|Any CPU
		{8F91D648-B700-4B05-80C1-E8E322F29D82}.Release|Any CPU.ActiveCfg = Release|Any CPU
		{8F91D648-B700-4B05-80C1-E8E322F29D82}.Release|Any CPU.Build.0 = Release|Any CPU
		{10B721BA-5E98-48C0-A075-7FE734CED4B1}.Debug|Any CPU.ActiveCfg = Debug|Any CPU
		{10B721BA-5E98-48C0-A075-7FE734CED4B1}.Debug|Any CPU.Build.0 = Debug|Any CPU
		{10B721BA-5E98-48C0-A075-7FE734CED4B1}.Release|Any CPU.ActiveCfg = Release|Any CPU
		{10B721BA-5E98-48C0-A075-7FE734CED4B1}.Release|Any CPU.Build.0 = Release|Any CPU
		{2D403561-57CC-4D82-B4C4-8248B233AF36}.Debug|Any CPU.ActiveCfg = Debug|Any CPU
		{2D403561-57CC-4D82-B4C4-8248B233AF36}.Debug|Any CPU.Build.0 = Debug|Any CPU
		{2D403561-57CC-4D82-B4C4-8248B233AF36}.Release|Any CPU.ActiveCfg = Release|Any CPU
		{2D403561-57CC-4D82-B4C4-8248B233AF36}.Release|Any CPU.Build.0 = Release|Any CPU
		{9A93D33A-417E-4E84-8C0E-EC63A5731CE6}.Debug|Any CPU.ActiveCfg = Debug|Any CPU
		{9A93D33A-417E-4E84-8C0E-EC63A5731CE6}.Debug|Any CPU.Build.0 = Debug|Any CPU
		{9A93D33A-417E-4E84-8C0E-EC63A5731CE6}.Release|Any CPU.ActiveCfg = Release|Any CPU
		{9A93D33A-417E-4E84-8C0E-EC63A5731CE6}.Release|Any CPU.Build.0 = Release|Any CPU
		{FCD447FB-CB26-4A0A-9B0E-BB00E5199C43}.Debug|Any CPU.ActiveCfg = Debug|Any CPU
		{FCD447FB-CB26-4A0A-9B0E-BB00E5199C43}.Debug|Any CPU.Build.0 = Debug|Any CPU
		{FCD447FB-CB26-4A0A-9B0E-BB00E5199C43}.Release|Any CPU.ActiveCfg = Release|Any CPU
		{FCD447FB-CB26-4A0A-9B0E-BB00E5199C43}.Release|Any CPU.Build.0 = Release|Any CPU
	EndGlobalSection
	GlobalSection(SolutionProperties) = preSolution
		HideSolutionNode = FALSE
	EndGlobalSection
	GlobalSection(NestedProjects) = preSolution
		{F3DE097B-CF79-4336-8C81-205EB8C8758A} = {6F53FEF2-13B3-40EC-9DF4-E0D2AE443136}
		{01B9D121-2BC5-410E-BFF8-FE6EC47C8947} = {F3DE097B-CF79-4336-8C81-205EB8C8758A}
		{E2C79AD8-4874-439A-9F76-4AB792A31933} = {60A675DC-8201-4FAC-8BEB-57D0151BDA94}
		{911DD0E0-4FFE-4ECC-8875-E9A1FDF5254A} = {6F53FEF2-13B3-40EC-9DF4-E0D2AE443136}
		{6E84DAFF-48C6-4447-A6AB-D1236C4A470D} = {911DD0E0-4FFE-4ECC-8875-E9A1FDF5254A}
		{D5BAEB25-F4DD-44EE-B0E1-F83CD600EA03} = {6F53FEF2-13B3-40EC-9DF4-E0D2AE443136}
		{8F91D648-B700-4B05-80C1-E8E322F29D82} = {D5BAEB25-F4DD-44EE-B0E1-F83CD600EA03}
		{E5BB184E-24A9-4BD2-8A5F-3B3AD2239CC1} = {6F53FEF2-13B3-40EC-9DF4-E0D2AE443136}
		{10B721BA-5E98-48C0-A075-7FE734CED4B1} = {E5BB184E-24A9-4BD2-8A5F-3B3AD2239CC1}
		{2D403561-57CC-4D82-B4C4-8248B233AF36} = {E5BB184E-24A9-4BD2-8A5F-3B3AD2239CC1}
		{9A93D33A-417E-4E84-8C0E-EC63A5731CE6} = {E5BB184E-24A9-4BD2-8A5F-3B3AD2239CC1}
		{FCD447FB-CB26-4A0A-9B0E-BB00E5199C43} = {E5BB184E-24A9-4BD2-8A5F-3B3AD2239CC1}
	EndGlobalSection
	GlobalSection(ExtensibilityGlobals) = postSolution
		SolutionGuid = {8AAE4C8B-FC74-40EB-A67D-85324E6B8933}
	EndGlobalSection
EndGlobal
